// !$*UTF8*$!
{
	archiveVersion = 1;
	classes = {
	};
	objectVersion = 56;
	objects = {

/* Begin PBXBuildFile section */
		BF8EF641299ACB1800157FD6 /* main.swift in Sources */ = {isa = PBXBuildFile; fileRef = BF8EF640299ACB1800157FD6 /* main.swift */; };
		BF8EF64A299ACB8400157FD6 /* Company.swift in Sources */ = {isa = PBXBuildFile; fileRef = BF8EF649299ACB8400157FD6 /* Company.swift */; };
		BF8EF64C299AD1D400157FD6 /* Player.swift in Sources */ = {isa = PBXBuildFile; fileRef = BF8EF64B299AD1D400157FD6 /* Player.swift */; };
		BF8EF64E299AD33700157FD6 /* CompanyType.swift in Sources */ = {isa = PBXBuildFile; fileRef = BF8EF64D299AD33700157FD6 /* CompanyType.swift */; };
		BF8EF687299B0B7600157FD6 /* CellType.swift in Sources */ = {isa = PBXBuildFile; fileRef = BF8EF686299B0B7600157FD6 /* CellType.swift */; };
		BF8EF691299C6F5400157FD6 /* DataProvider.swift in Sources */ = {isa = PBXBuildFile; fileRef = BF8EF690299C6F5400157FD6 /* DataProvider.swift */; };
/* End PBXBuildFile section */

/* Begin PBXCopyFilesBuildPhase section */
		BF8EF63B299ACB1800157FD6 /* CopyFiles */ = {
			isa = PBXCopyFilesBuildPhase;
			buildActionMask = 2147483647;
			dstPath = /usr/share/man/man1/;
			dstSubfolderSpec = 0;
			files = (
			);
			runOnlyForDeploymentPostprocessing = 1;
		};
/* End PBXCopyFilesBuildPhase section */

/* Begin PBXFileReference section */
		BF8EF63D299ACB1800157FD6 /* monopoly */ = {isa = PBXFileReference; explicitFileType = "compiled.mach-o.executable"; includeInIndex = 0; path = monopoly; sourceTree = BUILT_PRODUCTS_DIR; };
		BF8EF640299ACB1800157FD6 /* main.swift */ = {isa = PBXFileReference; lastKnownFileType = sourcecode.swift; path = main.swift; sourceTree = "<group>"; };
		BF8EF649299ACB8400157FD6 /* Company.swift */ = {isa = PBXFileReference; lastKnownFileType = sourcecode.swift; path = Company.swift; sourceTree = "<group>"; };
		BF8EF64B299AD1D400157FD6 /* Player.swift */ = {isa = PBXFileReference; lastKnownFileType = sourcecode.swift; path = Player.swift; sourceTree = "<group>"; };
		BF8EF64D299AD33700157FD6 /* CompanyType.swift */ = {isa = PBXFileReference; lastKnownFileType = sourcecode.swift; path = CompanyType.swift; sourceTree = "<group>"; };
		BF8EF686299B0B7600157FD6 /* CellType.swift */ = {isa = PBXFileReference; lastKnownFileType = sourcecode.swift; path = CellType.swift; sourceTree = "<group>"; };
		BF8EF690299C6F5400157FD6 /* DataProvider.swift */ = {isa = PBXFileReference; lastKnownFileType = sourcecode.swift; path = DataProvider.swift; sourceTree = "<group>"; };
		BF8EF692299E9BBC00157FD6 /* README.md */ = {isa = PBXFileReference; lastKnownFileType = net.daringfireball.markdown; path = README.md; sourceTree = "<group>"; };
/* End PBXFileReference section */

/* Begin PBXFrameworksBuildPhase section */
		BF8EF63A299ACB1800157FD6 /* Frameworks */ = {
			isa = PBXFrameworksBuildPhase;
			buildActionMask = 2147483647;
			files = (
			);
			runOnlyForDeploymentPostprocessing = 0;
		};
/* End PBXFrameworksBuildPhase section */

/* Begin PBXGroup section */
		BF8EF634299ACB1800157FD6 = {
			isa = PBXGroup;
			children = (
				BF8EF63F299ACB1800157FD6 /* monopoly */,
				BF8EF63E299ACB1800157FD6 /* Products */,
			);
			sourceTree = "<group>";
		};
		BF8EF63E299ACB1800157FD6 /* Products */ = {
			isa = PBXGroup;
			children = (
				BF8EF63D299ACB1800157FD6 /* monopoly */,
			);
			name = Products;
			sourceTree = "<group>";
		};
		BF8EF63F299ACB1800157FD6 /* monopoly */ = {
			isa = PBXGroup;
			children = (
				BF8EF640299ACB1800157FD6 /* main.swift */,
				BF8EF649299ACB8400157FD6 /* Company.swift */,
				BF8EF64D299AD33700157FD6 /* CompanyType.swift */,
				BF8EF686299B0B7600157FD6 /* CellType.swift */,
				BF8EF64B299AD1D400157FD6 /* Player.swift */,
				BF8EF690299C6F5400157FD6 /* DataProvider.swift */,
				BF8EF692299E9BBC00157FD6 /* README.md */,
			);
			path = monopoly;
			sourceTree = "<group>";
		};
/* End PBXGroup section */

/* Begin PBXNativeTarget section */
		BF8EF63C299ACB1800157FD6 /* monopoly */ = {
			isa = PBXNativeTarget;
			buildConfigurationList = BF8EF644299ACB1800157FD6 /* Build configuration list for PBXNativeTarget "monopoly" */;
			buildPhases = (
				BF8EF639299ACB1800157FD6 /* Sources */,
				BF8EF63A299ACB1800157FD6 /* Frameworks */,
				BF8EF63B299ACB1800157FD6 /* CopyFiles */,
			);
			buildRules = (
			);
			dependencies = (
			);
			name = monopoly;
			productName = monopoly;
			productReference = BF8EF63D299ACB1800157FD6 /* monopoly */;
			productType = "com.apple.product-type.tool";
		};
/* End PBXNativeTarget section */

/* Begin PBXProject section */
		BF8EF635299ACB1800157FD6 /* Project object */ = {
			isa = PBXProject;
			attributes = {
				BuildIndependentTargetsInParallel = 1;
				LastSwiftUpdateCheck = 1420;
				LastUpgradeCheck = 1420;
				TargetAttributes = {
					BF8EF63C299ACB1800157FD6 = {
						CreatedOnToolsVersion = 14.2;
					};
				};
			};
			buildConfigurationList = BF8EF638299ACB1800157FD6 /* Build configuration list for PBXProject "monopoly" */;
			compatibilityVersion = "Xcode 14.0";
			developmentRegion = en;
			hasScannedForEncodings = 0;
			knownRegions = (
				en,
				Base,
			);
			mainGroup = BF8EF634299ACB1800157FD6;
			productRefGroup = BF8EF63E299ACB1800157FD6 /* Products */;
			projectDirPath = "";
			projectRoot = "";
			targets = (
				BF8EF63C299ACB1800157FD6 /* monopoly */,
			);
		};
/* End PBXProject section */

/* Begin PBXSourcesBuildPhase section */
		BF8EF639299ACB1800157FD6 /* Sources */ = {
			isa = PBXSourcesBuildPhase;
			buildActionMask = 2147483647;
			files = (
				BF8EF64C299AD1D400157FD6 /* Player.swift in Sources */,
				BF8EF687299B0B7600157FD6 /* CellType.swift in Sources */,
				BF8EF691299C6F5400157FD6 /* DataProvider.swift in Sources */,
				BF8EF641299ACB1800157FD6 /* main.swift in Sources */,
				BF8EF64E299AD33700157FD6 /* CompanyType.swift in Sources */,
				BF8EF64A299ACB8400157FD6 /* Company.swift in Sources */,
			);
			runOnlyForDeploymentPostprocessing = 0;
		};
/* End PBXSourcesBuildPhase section */

/* Begin XCBuildConfiguration section */
		BF8EF642299ACB1800157FD6 /* Debug */ = {
			isa = XCBuildConfiguration;
			buildSettings = {
				ALWAYS_SEARCH_USER_PATHS = NO;
				CLANG_ANALYZER_NONNULL = YES;
				CLANG_ANALYZER_NUMBER_OBJECT_CONVERSION = YES_AGGRESSIVE;
				CLANG_CXX_LANGUAGE_STANDARD = "gnu++20";
				CLANG_ENABLE_MODULES = YES;
				CLANG_ENABLE_OBJC_ARC = YES;
				CLANG_ENABLE_OBJC_WEAK = YES;
				CLANG_WARN_BLOCK_CAPTURE_AUTORELEASING = YES;
				CLANG_WARN_BOOL_CONVERSION = YES;
				CLANG_WARN_COMMA = YES;
				CLANG_WARN_CONSTANT_CONVERSION = YES;
				CLANG_WARN_DEPRECATED_OBJC_IMPLEMENTATIONS = YES;
				CLANG_WARN_DIRECT_OBJC_ISA_USAGE = YES_ERROR;
				CLANG_WARN_DOCUMENTATION_COMMENTS = YES;
				CLANG_WARN_EMPTY_BODY = YES;
				CLANG_WARN_ENUM_CONVERSION = YES;
				CLANG_WARN_INFINITE_RECURSION = YES;
				CLANG_WARN_INT_CONVERSION = YES;
				CLANG_WARN_NON_LITERAL_NULL_CONVERSION = YES;
				CLANG_WARN_OBJC_IMPLICIT_RETAIN_SELF = YES;
				CLANG_WARN_OBJC_LITERAL_CONVERSION = YES;
				CLANG_WARN_OBJC_ROOT_CLASS = YES_ERROR;
				CLANG_WARN_QUOTED_INCLUDE_IN_FRAMEWORK_HEADER = YES;
				CLANG_WARN_RANGE_LOOP_ANALYSIS = YES;
				CLANG_WARN_STRICT_PROTOTYPES = YES;
				CLANG_WARN_SUSPICIOUS_MOVE = YES;
				CLANG_WARN_UNGUARDED_AVAILABILITY = YES_AGGRESSIVE;
				CLANG_WARN_UNREACHABLE_CODE = YES;
				CLANG_WARN__DUPLICATE_METHOD_MATCH = YES;
				COPY_PHASE_STRIP = NO;
				DEBUG_INFORMATION_FORMAT = dwarf;
				ENABLE_STRICT_OBJC_MSGSEND = YES;
				ENABLE_TESTABILITY = YES;
				GCC_C_LANGUAGE_STANDARD = gnu11;
				GCC_DYNAMIC_NO_PIC = NO;
				GCC_NO_COMMON_BLOCKS = YES;
				GCC_OPTIMIZATION_LEVEL = 0;
				GCC_PREPROCESSOR_DEFINITIONS = (
					"DEBUG=1",
					"$(inherited)",
				);
				GCC_WARN_64_TO_32_BIT_CONVERSION = YES;
				GCC_WARN_ABOUT_RETURN_TYPE = YES_ERROR;
				GCC_WARN_UNDECLARED_SELECTOR = YES;
				GCC_WARN_UNINITIALIZED_AUTOS = YES_AGGRESSIVE;
				GCC_WARN_UNUSED_FUNCTION = YES;
				GCC_WARN_UNUSED_VARIABLE = YES;
				MACOSX_DEPLOYMENT_TARGET = 13.1;
				MTL_ENABLE_DEBUG_INFO = INCLUDE_SOURCE;
				MTL_FAST_MATH = YES;
				ONLY_ACTIVE_ARCH = YES;
				SDKROOT = macosx;
				SWIFT_ACTIVE_COMPILATION_CONDITIONS = DEBUG;
				SWIFT_OPTIMIZATION_LEVEL = "-Onone";
			};
			name = Debug;
		};
		BF8EF643299ACB1800157FD6 /* Release */ = {
			isa = XCBuildConfiguration;
			buildSettings = {
				ALWAYS_SEARCH_USER_PATHS = NO;
				CLANG_ANALYZER_NONNULL = YES;
				CLANG_ANALYZER_NUMBER_OBJECT_CONVERSION = YES_AGGRESSIVE;
				CLANG_CXX_LANGUAGE_STANDARD = "gnu++20";
				CLANG_ENABLE_MODULES = YES;
				CLANG_ENABLE_OBJC_ARC = YES;
				CLANG_ENABLE_OBJC_WEAK = YES;
				CLANG_WARN_BLOCK_CAPTURE_AUTORELEASING = YES;
				CLANG_WARN_BOOL_CONVERSION = YES;
				CLANG_WARN_COMMA = YES;
				CLANG_WARN_CONSTANT_CONVERSION = YES;
				CLANG_WARN_DEPRECATED_OBJC_IMPLEMENTATIONS = YES;
				CLANG_WARN_DIRECT_OBJC_ISA_USAGE = YES_ERROR;
				CLANG_WARN_DOCUMENTATION_COMMENTS = YES;
				CLANG_WARN_EMPTY_BODY = YES;
				CLANG_WARN_ENUM_CONVERSION = YES;
				CLANG_WARN_INFINITE_RECURSION = YES;
				CLANG_WARN_INT_CONVERSION = YES;
				CLANG_WARN_NON_LITERAL_NULL_CONVERSION = YES;
				CLANG_WARN_OBJC_IMPLICIT_RETAIN_SELF = YES;
				CLANG_WARN_OBJC_LITERAL_CONVERSION = YES;
				CLANG_WARN_OBJC_ROOT_CLASS = YES_ERROR;
				CLANG_WARN_QUOTED_INCLUDE_IN_FRAMEWORK_HEADER = YES;
				CLANG_WARN_RANGE_LOOP_ANALYSIS = YES;
				CLANG_WARN_STRICT_PROTOTYPES = YES;
				CLANG_WARN_SUSPICIOUS_MOVE = YES;
				CLANG_WARN_UNGUARDED_AVAILABILITY = YES_AGGRESSIVE;
				CLANG_WARN_UNREACHABLE_CODE = YES;
				CLANG_WARN__DUPLICATE_METHOD_MATCH = YES;
				COPY_PHASE_STRIP = NO;
				DEBUG_INFORMATION_FORMAT = "dwarf-with-dsym";
				ENABLE_NS_ASSERTIONS = NO;
				ENABLE_STRICT_OBJC_MSGSEND = YES;
				GCC_C_LANGUAGE_STANDARD = gnu11;
				GCC_NO_COMMON_BLOCKS = YES;
				GCC_WARN_64_TO_32_BIT_CONVERSION = YES;
				GCC_WARN_ABOUT_RETURN_TYPE = YES_ERROR;
				GCC_WARN_UNDECLARED_SELECTOR = YES;
				GCC_WARN_UNINITIALIZED_AUTOS = YES_AGGRESSIVE;
				GCC_WARN_UNUSED_FUNCTION = YES;
				GCC_WARN_UNUSED_VARIABLE = YES;
				MACOSX_DEPLOYMENT_TARGET = 13.1;
				MTL_ENABLE_DEBUG_INFO = NO;
				MTL_FAST_MATH = YES;
				SDKROOT = macosx;
				SWIFT_COMPILATION_MODE = wholemodule;
				SWIFT_OPTIMIZATION_LEVEL = "-O";
			};
			name = Release;
		};
		BF8EF645299ACB1800157FD6 /* Debug */ = {
			isa = XCBuildConfiguration;
			buildSettings = {
				CODE_SIGN_STYLE = Automatic;
				DEVELOPMENT_TEAM = S7S26ARTN6;
				ENABLE_HARDENED_RUNTIME = YES;
				PRODUCT_NAME = "$(TARGET_NAME)";
				SWIFT_VERSION = 5.0;
			};
			name = Debug;
		};
		BF8EF646299ACB1800157FD6 /* Release */ = {
			isa = XCBuildConfiguration;
			buildSettings = {
				CODE_SIGN_STYLE = Automatic;
				DEVELOPMENT_TEAM = S7S26ARTN6;
				ENABLE_HARDENED_RUNTIME = YES;
				PRODUCT_NAME = "$(TARGET_NAME)";
				SWIFT_VERSION = 5.0;
			};
			name = Release;
		};
/* End XCBuildConfiguration section */

/* Begin XCConfigurationList section */
		BF8EF638299ACB1800157FD6 /* Build configuration list for PBXProject "monopoly" */ = {
			isa = XCConfigurationList;
			buildConfigurations = (
				BF8EF642299ACB1800157FD6 /* Debug */,
				BF8EF643299ACB1800157FD6 /* Release */,
			);
			defaultConfigurationIsVisible = 0;
			defaultConfigurationName = Release;
		};
		BF8EF644299ACB1800157FD6 /* Build configuration list for PBXNativeTarget "monopoly" */ = {
			isa = XCConfigurationList;
			buildConfigurations = (
				BF8EF645299ACB1800157FD6 /* Debug */,
				BF8EF646299ACB1800157FD6 /* Release */,
			);
			defaultConfigurationIsVisible = 0;
			defaultConfigurationName = Release;
		};
/* End XCConfigurationList section */
	};
	rootObject = BF8EF635299ACB1800157FD6 /* Project object */;
}
